
Microsoft Visual Studio Solution File, Format Version 12.00
# Visual Studio 15
VisualStudioVersion = 15.0.26403.3
MinimumVisualStudioVersion = 10.0.40219.1
Project("{FAE04EC0-301F-11D3-BF4B-00C04F79EFBC}") = "Sol Mates v0.6 (2nd Version).Plugins", "Sol Mates v0.6 (2nd Version).Plugins.csproj", "{782AEA1A-FE4E-C38D-D357-A13DF2FD3074}"
EndProject
Project("{FAE04EC0-301F-11D3-BF4B-00C04F79EFBC}") = "Sol Mates v0.6 (2nd Version)", "Sol Mates v0.6 (2nd Version).csproj", "{214EA7E5-05D8-0EAC-60C3-0FC5BC50A5F7}"
EndProject
Project("{FAE04EC0-301F-11D3-BF4B-00C04F79EFBC}") = "Sol Mates v0.6 (2nd Version).Editor", "Sol Mates v0.6 (2nd Version).Editor.csproj", "{52B0F8D2-C29C-F56D-071D-C3A51C2FF7D6}"
EndProject
Global
	GlobalSection(SolutionConfigurationPlatforms) = preSolution
		Debug|Any CPU = Debug|Any CPU
		Release|Any CPU = Release|Any CPU
	EndGlobalSection
	GlobalSection(ProjectConfigurationPlatforms) = postSolution
		{782AEA1A-FE4E-C38D-D357-A13DF2FD3074}.Debug|Any CPU.ActiveCfg = Debug|Any CPU
		{782AEA1A-FE4E-C38D-D357-A13DF2FD3074}.Debug|Any CPU.Build.0 = Debug|Any CPU
		{782AEA1A-FE4E-C38D-D357-A13DF2FD3074}.Release|Any CPU.ActiveCfg = Release|Any CPU
		{782AEA1A-FE4E-C38D-D357-A13DF2FD3074}.Release|Any CPU.Build.0 = Release|Any CPU
		{214EA7E5-05D8-0EAC-60C3-0FC5BC50A5F7}.Debug|Any CPU.ActiveCfg = Debug|Any CPU
		{214EA7E5-05D8-0EAC-60C3-0FC5BC50A5F7}.Debug|Any CPU.Build.0 = Debug|Any CPU
		{214EA7E5-05D8-0EAC-60C3-0FC5BC50A5F7}.Release|Any CPU.ActiveCfg = Release|Any CPU
		{214EA7E5-05D8-0EAC-60C3-0FC5BC50A5F7}.Release|Any CPU.Build.0 = Release|Any CPU
		{52B0F8D2-C29C-F56D-071D-C3A51C2FF7D6}.Debug|Any CPU.ActiveCfg = Debug|Any CPU
		{52B0F8D2-C29C-F56D-071D-C3A51C2FF7D6}.Debug|Any CPU.Build.0 = Debug|Any CPU
		{52B0F8D2-C29C-F56D-071D-C3A51C2FF7D6}.Release|Any CPU.ActiveCfg = Release|Any CPU
		{52B0F8D2-C29C-F56D-071D-C3A51C2FF7D6}.Release|Any CPU.Build.0 = Release|Any CPU
	EndGlobalSection
	GlobalSection(SolutionProperties) = preSolution
		HideSolutionNode = FALSE
	EndGlobalSection
EndGlobal
